
Microsoft Visual Studio Solution File, Format Version 12.00
# Visual Studio 15
VisualStudioVersion = 15.0.27004.2006
MinimumVisualStudioVersion = 10.0.40219.1
Project("{8BC9CEB8-8B4A-11D0-8D11-00A0C91BC942}") = "Selection Sort", "Selection Sort\Selection Sort.vcxproj", "{469FC368-9774-4BD3-B6A5-529CAF1E0515}"
EndProject
Project("{8BC9CEB8-8B4A-11D0-8D11-00A0C91BC942}") = "Insertion Sort", "Insertion Sort\Insertion Sort.vcxproj", "{5E5BD599-E95B-47D6-898D-F55F6A714222}"
EndProject
Project("{8BC9CEB8-8B4A-11D0-8D11-00A0C91BC942}") = "CommonLibrary", "StaticLib\StaticLib.vcxproj", "{86435E10-794B-431D-BFD8-B0806F8CC1B0}"
EndProject
Project("{8BC9CEB8-8B4A-11D0-8D11-00A0C91BC942}") = "Bubble Sort", "Bubble Sort\Bubble Sort.vcxproj", "{8EE57B9A-1247-408E-ACDE-22E66BE0C3AE}"
EndProject
Project("{8BC9CEB8-8B4A-11D0-8D11-00A0C91BC942}") = "Merge Sort", "Merge Sort\Merge Sort.vcxproj", "{0E167F82-B378-43FB-A040-78369D81F0A8}"
EndProject
Global
	GlobalSection(SolutionConfigurationPlatforms) = preSolution
		Debug|x64 = Debug|x64
		Debug|x86 = Debug|x86
		Release|x64 = Release|x64
		Release|x86 = Release|x86
	EndGlobalSection
	GlobalSection(ProjectConfigurationPlatforms) = postSolution
		{469FC368-9774-4BD3-B6A5-529CAF1E0515}.Debug|x64.ActiveCfg = Debug|x64
		{469FC368-9774-4BD3-B6A5-529CAF1E0515}.Debug|x64.Build.0 = Debug|x64
		{469FC368-9774-4BD3-B6A5-529CAF1E0515}.Debug|x86.ActiveCfg = Debug|Win32
		{469FC368-9774-4BD3-B6A5-529CAF1E0515}.Debug|x86.Build.0 = Debug|Win32
		{469FC368-9774-4BD3-B6A5-529CAF1E0515}.Release|x64.ActiveCfg = Release|x64
		{469FC368-9774-4BD3-B6A5-529CAF1E0515}.Release|x64.Build.0 = Release|x64
		{469FC368-9774-4BD3-B6A5-529CAF1E0515}.Release|x86.ActiveCfg = Release|Win32
		{469FC368-9774-4BD3-B6A5-529CAF1E0515}.Release|x86.Build.0 = Release|Win32
		{5E5BD599-E95B-47D6-898D-F55F6A714222}.Debug|x64.ActiveCfg = Debug|x64
		{5E5BD599-E95B-47D6-898D-F55F6A714222}.Debug|x64.Build.0 = Debug|x64
		{5E5BD599-E95B-47D6-898D-F55F6A714222}.Debug|x86.ActiveCfg = Debug|Win32
		{5E5BD599-E95B-47D6-898D-F55F6A714222}.Debug|x86.Build.0 = Debug|Win32
		{5E5BD599-E95B-47D6-898D-F55F6A714222}.Release|x64.ActiveCfg = Release|x64
		{5E5BD599-E95B-47D6-898D-F55F6A714222}.Release|x64.Build.0 = Release|x64
		{5E5BD599-E95B-47D6-898D-F55F6A714222}.Release|x86.ActiveCfg = Release|Win32
		{5E5BD599-E95B-47D6-898D-F55F6A714222}.Release|x86.Build.0 = Release|Win32
		{86435E10-794B-431D-BFD8-B0806F8CC1B0}.Debug|x64.ActiveCfg = Debug|x64
		{86435E10-794B-431D-BFD8-B0806F8CC1B0}.Debug|x64.Build.0 = Debug|x64
		{86435E10-794B-431D-BFD8-B0806F8CC1B0}.Debug|x86.ActiveCfg = Debug|Win32
		{86435E10-794B-431D-BFD8-B0806F8CC1B0}.Debug|x86.Build.0 = Debug|Win32
		{86435E10-794B-431D-BFD8-B0806F8CC1B0}.Release|x64.ActiveCfg = Release|x64
		{86435E10-794B-431D-BFD8-B0806F8CC1B0}.Release|x64.Build.0 = Release|x64
		{86435E10-794B-431D-BFD8-B0806F8CC1B0}.Release|x86.ActiveCfg = Release|Win32
		{86435E10-794B-431D-BFD8-B0806F8CC1B0}.Release|x86.Build.0 = Release|Win32
		{8EE57B9A-1247-408E-ACDE-22E66BE0C3AE}.Debug|x64.ActiveCfg = Debug|x64
		{8EE57B9A-1247-408E-ACDE-22E66BE0C3AE}.Debug|x64.Build.0 = Debug|x64
		{8EE57B9A-1247-408E-ACDE-22E66BE0C3AE}.Debug|x86.ActiveCfg = Debug|Win32
		{8EE57B9A-1247-408E-ACDE-22E66BE0C3AE}.Debug|x86.Build.0 = Debug|Win32
		{8EE57B9A-1247-408E-ACDE-22E66BE0C3AE}.Release|x64.ActiveCfg = Release|x64
		{8EE57B9A-1247-408E-ACDE-22E66BE0C3AE}.Release|x64.Build.0 = Release|x64
		{8EE57B9A-1247-408E-ACDE-22E66BE0C3AE}.Release|x86.ActiveCfg = Release|Win32
		{8EE57B9A-1247-408E-ACDE-22E66BE0C3AE}.Release|x86.Build.0 = Release|Win32
		{0E167F82-B378-43FB-A040-78369D81F0A8}.Debug|x64.ActiveCfg = Debug|x64
		{0E167F82-B378-43FB-A040-78369D81F0A8}.Debug|x64.Build.0 = Debug|x64
		{0E167F82-B378-43FB-A040-78369D81F0A8}.Debug|x86.ActiveCfg = Debug|Win32
		{0E167F82-B378-43FB-A040-78369D81F0A8}.Debug|x86.Build.0 = Debug|Win32
		{0E167F82-B378-43FB-A040-78369D81F0A8}.Release|x64.ActiveCfg = Release|x64
		{0E167F82-B378-43FB-A040-78369D81F0A8}.Release|x64.Build.0 = Release|x64
		{0E167F82-B378-43FB-A040-78369D81F0A8}.Release|x86.ActiveCfg = Release|Win32
		{0E167F82-B378-43FB-A040-78369D81F0A8}.Release|x86.Build.0 = Release|Win32
	EndGlobalSection
	GlobalSection(SolutionProperties) = preSolution
		HideSolutionNode = FALSE
	EndGlobalSection
	GlobalSection(ExtensibilityGlobals) = postSolution
		SolutionGuid = {F6BB8355-BB39-42D1-B723-F5ADEE398DB9}
	EndGlobalSection
EndGlobal
